
Microsoft Visual Studio Solution File, Format Version 12.00
# Visual Studio Version 17
VisualStudioVersion = 17.7.34031.279
MinimumVisualStudioVersion = 10.0.40219.1
Project("{FAE04EC0-301F-11D3-BF4B-00C04F79EFBC}") = "News App", "News App\News App.csproj", "{FA06F9DB-B998-418E-BB5C-ECC2D7A6C665}"
EndProject
Global
	GlobalSection(SolutionConfigurationPlatforms) = preSolution
		Debug|Any CPU = Debug|Any CPU
		Release|Any CPU = Release|Any CPU
	EndGlobalSection
	GlobalSection(ProjectConfigurationPlatforms) = postSolution
		{FA06F9DB-B998-418E-BB5C-ECC2D7A6C665}.Debug|Any CPU.ActiveCfg = Debug|Any CPU
		{FA06F9DB-B998-418E-BB5C-ECC2D7A6C665}.Debug|Any CPU.Build.0 = Debug|Any CPU
		{FA06F9DB-B998-418E-BB5C-ECC2D7A6C665}.Release|Any CPU.ActiveCfg = Release|Any CPU
		{FA06F9DB-B998-418E-BB5C-ECC2D7A6C665}.Release|Any CPU.Build.0 = Release|Any CPU
	EndGlobalSection
	GlobalSection(SolutionProperties) = preSolution
		HideSolutionNode = FALSE
	EndGlobalSection
	GlobalSection(ExtensibilityGlobals) = postSolution
		SolutionGuid = {C8EDAC0A-1CEA-4234-88D0-533F0686E071}
	EndGlobalSection
EndGlobal
